
Microsoft Visual Studio Solution File, Format Version 12.00
# Visual Studio Version 16
VisualStudioVersion = 16.0.29123.88
MinimumVisualStudioVersion = 10.0.40219.1
Project("{2150E333-8FDC-42A3-9474-1A3956D46DE8}") = "src", "src", "{6E33BA8D-B206-4021-B031-79AFA8589A1B}"
EndProject
Project("{2150E333-8FDC-42A3-9474-1A3956D46DE8}") = "Solution Items", "Solution Items", "{A49075D0-EB7F-4CD4-A5D9-0173DFD34F8C}"
EndProject
Project("{2150E333-8FDC-42A3-9474-1A3956D46DE8}") = "git", "git", "{7CDAAB98-B7A5-465E-AE84-1E6279125417}"
	ProjectSection(SolutionItems) = preProject
		.gitattributes = .gitattributes
		.gitignore = .gitignore
	EndProjectSection
EndProject
Project("{2150E333-8FDC-42A3-9474-1A3956D46DE8}") = "other", "other", "{8CF88C14-1D18-4E9E-B57B-00E36E3223DC}"
	ProjectSection(SolutionItems) = preProject
		LICENSE = LICENSE
		README.md = README.md
	EndProjectSection
EndProject
Project("{2150E333-8FDC-42A3-9474-1A3956D46DE8}") = "tools", "tools", "{5E085FC3-0FEF-49CC-89A1-497282B131BA}"
	ProjectSection(SolutionItems) = preProject
		tools\SimpleSoft.Mediator.PublicKey = tools\SimpleSoft.Mediator.PublicKey
		tools\SimpleSoft.Mediator.snk = tools\SimpleSoft.Mediator.snk
		tools\UpdateAllVersions.ps1 = tools\UpdateAllVersions.ps1
	EndProjectSection
EndProject
Project("{2150E333-8FDC-42A3-9474-1A3956D46DE8}") = "test", "test", "{57101844-5C38-4886-A8EB-4885AC7E8F92}"
EndProject
Project("{2150E333-8FDC-42A3-9474-1A3956D46DE8}") = "work", "work", "{0BD9E4D4-1E4B-4E73-A1E5-B730BCBE0F42}"
EndProject
Project("{2150E333-8FDC-42A3-9474-1A3956D46DE8}") = "resources", "resources", "{9E75A35F-ED02-4712-A2C9-44B58EEA1BCD}"
	ProjectSection(SolutionItems) = preProject
		resources\lifecycle-commands.png = resources\lifecycle-commands.png
		resources\lifecycle-events.png = resources\lifecycle-events.png
		resources\lifecycle-queries.png = resources\lifecycle-queries.png
		resources\Lifecycle.odp = resources\Lifecycle.odp
	EndProjectSection
EndProject
Project("{9A19103F-16F7-4668-BE54-9A1E7A4F7556}") = "SimpleSoft.Mediator", "src\SimpleSoft.Mediator\SimpleSoft.Mediator.csproj", "{5E0FA32F-C55A-432D-A65C-4CBB3F0EC992}"
EndProject
Project("{9A19103F-16F7-4668-BE54-9A1E7A4F7556}") = "SimpleSoft.Mediator.Abstractions", "src\SimpleSoft.Mediator.Abstractions\SimpleSoft.Mediator.Abstractions.csproj", "{619AD8F7-E7A2-4B10-96A1-3B9D25595971}"
EndProject
Project("{9A19103F-16F7-4668-BE54-9A1E7A4F7556}") = "SimpleSoft.Mediator.Tests", "test\SimpleSoft.Mediator.Tests\SimpleSoft.Mediator.Tests.csproj", "{8881648B-46FF-4919-878E-730EE914D90A}"
EndProject
Project("{9A19103F-16F7-4668-BE54-9A1E7A4F7556}") = "SimpleSoft.Mediator.Example.Cmd", "work\SimpleSoft.Mediator.Example.Cmd\SimpleSoft.Mediator.Example.Cmd.csproj", "{0675BDF9-1A58-41BD-A786-5679D863E869}"
EndProject
Project("{9A19103F-16F7-4668-BE54-9A1E7A4F7556}") = "SimpleSoft.Mediator.Microsoft.Extensions", "src\SimpleSoft.Mediator.Microsoft.Extensions\SimpleSoft.Mediator.Microsoft.Extensions.csproj", "{3A765D34-C3A8-44E6-ABF5-D37CA878ADA9}"
EndProject
Project("{9A19103F-16F7-4668-BE54-9A1E7A4F7556}") = "SimpleSoft.Mediator.Microsoft.Extensions.ValidationPipeline", "src\SimpleSoft.Mediator.Microsoft.Extensions.ValidationPipeline\SimpleSoft.Mediator.Microsoft.Extensions.ValidationPipeline.csproj", "{EF9B63D4-6633-4089-95D0-CAEDA454ED7D}"
EndProject
Global
	GlobalSection(SolutionConfigurationPlatforms) = preSolution
		Debug|Any CPU = Debug|Any CPU
		Release|Any CPU = Release|Any CPU
	EndGlobalSection
	GlobalSection(ProjectConfigurationPlatforms) = postSolution
		{5E0FA32F-C55A-432D-A65C-4CBB3F0EC992}.Debug|Any CPU.ActiveCfg = Debug|Any CPU
		{5E0FA32F-C55A-432D-A65C-4CBB3F0EC992}.Debug|Any CPU.Build.0 = Debug|Any CPU
		{5E0FA32F-C55A-432D-A65C-4CBB3F0EC992}.Release|Any CPU.ActiveCfg = Release|Any CPU
		{5E0FA32F-C55A-432D-A65C-4CBB3F0EC992}.Release|Any CPU.Build.0 = Release|Any CPU
		{619AD8F7-E7A2-4B10-96A1-3B9D25595971}.Debug|Any CPU.ActiveCfg = Debug|Any CPU
		{619AD8F7-E7A2-4B10-96A1-3B9D25595971}.Debug|Any CPU.Build.0 = Debug|Any CPU
		{619AD8F7-E7A2-4B10-96A1-3B9D25595971}.Release|Any CPU.ActiveCfg = Release|Any CPU
		{619AD8F7-E7A2-4B10-96A1-3B9D25595971}.Release|Any CPU.Build.0 = Release|Any CPU
		{8881648B-46FF-4919-878E-730EE914D90A}.Debug|Any CPU.ActiveCfg = Debug|Any CPU
		{8881648B-46FF-4919-878E-730EE914D90A}.Debug|Any CPU.Build.0 = Debug|Any CPU
		{8881648B-46FF-4919-878E-730EE914D90A}.Release|Any CPU.ActiveCfg = Release|Any CPU
		{8881648B-46FF-4919-878E-730EE914D90A}.Release|Any CPU.Build.0 = Release|Any CPU
		{0675BDF9-1A58-41BD-A786-5679D863E869}.Debug|Any CPU.ActiveCfg = Debug|Any CPU
		{0675BDF9-1A58-41BD-A786-5679D863E869}.Debug|Any CPU.Build.0 = Debug|Any CPU
		{0675BDF9-1A58-41BD-A786-5679D863E869}.Release|Any CPU.ActiveCfg = Release|Any CPU
		{0675BDF9-1A58-41BD-A786-5679D863E869}.Release|Any CPU.Build.0 = Release|Any CPU
		{3A765D34-C3A8-44E6-ABF5-D37CA878ADA9}.Debug|Any CPU.ActiveCfg = Debug|Any CPU
		{3A765D34-C3A8-44E6-ABF5-D37CA878ADA9}.Debug|Any CPU.Build.0 = Debug|Any CPU
		{3A765D34-C3A8-44E6-ABF5-D37CA878ADA9}.Release|Any CPU.ActiveCfg = Release|Any CPU
		{3A765D34-C3A8-44E6-ABF5-D37CA878ADA9}.Release|Any CPU.Build.0 = Release|Any CPU
		{EF9B63D4-6633-4089-95D0-CAEDA454ED7D}.Debug|Any CPU.ActiveCfg = Debug|Any CPU
		{EF9B63D4-6633-4089-95D0-CAEDA454ED7D}.Debug|Any CPU.Build.0 = Debug|Any CPU
		{EF9B63D4-6633-4089-95D0-CAEDA454ED7D}.Release|Any CPU.ActiveCfg = Release|Any CPU
		{EF9B63D4-6633-4089-95D0-CAEDA454ED7D}.Release|Any CPU.Build.0 = Release|Any CPU
	EndGlobalSection
	GlobalSection(SolutionProperties) = preSolution
		HideSolutionNode = FALSE
	EndGlobalSection
	GlobalSection(NestedProjects) = preSolution
		{7CDAAB98-B7A5-465E-AE84-1E6279125417} = {A49075D0-EB7F-4CD4-A5D9-0173DFD34F8C}
		{8CF88C14-1D18-4E9E-B57B-00E36E3223DC} = {A49075D0-EB7F-4CD4-A5D9-0173DFD34F8C}
		{5E085FC3-0FEF-49CC-89A1-497282B131BA} = {A49075D0-EB7F-4CD4-A5D9-0173DFD34F8C}
		{9E75A35F-ED02-4712-A2C9-44B58EEA1BCD} = {A49075D0-EB7F-4CD4-A5D9-0173DFD34F8C}
		{5E0FA32F-C55A-432D-A65C-4CBB3F0EC992} = {6E33BA8D-B206-4021-B031-79AFA8589A1B}
		{619AD8F7-E7A2-4B10-96A1-3B9D25595971} = {6E33BA8D-B206-4021-B031-79AFA8589A1B}
		{8881648B-46FF-4919-878E-730EE914D90A} = {57101844-5C38-4886-A8EB-4885AC7E8F92}
		{0675BDF9-1A58-41BD-A786-5679D863E869} = {0BD9E4D4-1E4B-4E73-A1E5-B730BCBE0F42}
		{3A765D34-C3A8-44E6-ABF5-D37CA878ADA9} = {6E33BA8D-B206-4021-B031-79AFA8589A1B}
		{EF9B63D4-6633-4089-95D0-CAEDA454ED7D} = {6E33BA8D-B206-4021-B031-79AFA8589A1B}
	EndGlobalSection
	GlobalSection(ExtensibilityGlobals) = postSolution
		SolutionGuid = {EE066994-3479-4202-9D4A-485934D1A0C0}
	EndGlobalSection
EndGlobal
